// !$*UTF8*$!
{
	archiveVersion = 1;
	classes = {
	};
	objectVersion = 52;
	objects = {

/* Begin PBXBuildFile section */
		2240705B24B845F200E4972F /* EarthquakesApp.swift in Sources */ = {isa = PBXBuildFile; fileRef = 2240705A24B845F200E4972F /* EarthquakesApp.swift */; };
		2240705E24BBF50500E4972F /* Filter.swift in Sources */ = {isa = PBXBuildFile; fileRef = 2240705D24BBF50500E4972F /* Filter.swift */; };
		225142AD24AFC0F2007C77FA /* Earthquake.swift in Sources */ = {isa = PBXBuildFile; fileRef = 225142AC24AFC0F2007C77FA /* Earthquake.swift */; };
		225142AF24AFC8E1007C77FA /* earthquake.json in Resources */ = {isa = PBXBuildFile; fileRef = 225142AE24AFC8E1007C77FA /* earthquake.json */; };
		225142B324AFF37B007C77FA /* DataManager.swift in Sources */ = {isa = PBXBuildFile; fileRef = 225142B224AFF37B007C77FA /* DataManager.swift */; };
		225142B524B10561007C77FA /* ListCell.swift in Sources */ = {isa = PBXBuildFile; fileRef = 225142B424B10561007C77FA /* ListCell.swift */; };
		225A43D524AFC05300ACA5EF /* ListView.swift in Sources */ = {isa = PBXBuildFile; fileRef = 225A43D424AFC05300ACA5EF /* ListView.swift */; };
		225A43D724AFC05700ACA5EF /* Assets.xcassets in Resources */ = {isa = PBXBuildFile; fileRef = 225A43D624AFC05700ACA5EF /* Assets.xcassets */; };
		225A43DA24AFC05700ACA5EF /* Preview Assets.xcassets in Resources */ = {isa = PBXBuildFile; fileRef = 225A43D924AFC05700ACA5EF /* Preview Assets.xcassets */; };
		225A43E824AFC05700ACA5EF /* EarthquakesTests.swift in Sources */ = {isa = PBXBuildFile; fileRef = 225A43E724AFC05700ACA5EF /* EarthquakesTests.swift */; };
		225A43F324AFC05700ACA5EF /* EarthquakesUITests.swift in Sources */ = {isa = PBXBuildFile; fileRef = 225A43F224AFC05700ACA5EF /* EarthquakesUITests.swift */; };
		22B5110D24B834D200ACD46A /* earthquakes_all_week.json in Resources */ = {isa = PBXBuildFile; fileRef = 22B5110C24B834D200ACD46A /* earthquakes_all_week.json */; };
		22B5110E24B83E4400ACD46A /* earthquakes_all_week.json in Resources */ = {isa = PBXBuildFile; fileRef = 22B5110C24B834D200ACD46A /* earthquakes_all_week.json */; };
		22C1D5A824B1072600B9E97D /* CoreUI in Frameworks */ = {isa = PBXBuildFile; productRef = 22C1D5A724B1072600B9E97D /* CoreUI */; };
		22C1D5AA24B5796900B9E97D /* DetailView.swift in Sources */ = {isa = PBXBuildFile; fileRef = 22C1D5A924B5796900B9E97D /* DetailView.swift */; };
		22C1D5AC24B5902900B9E97D /* Formatters.swift in Sources */ = {isa = PBXBuildFile; fileRef = 22C1D5AB24B5902800B9E97D /* Formatters.swift */; };
		22FD686524B814A40039657C /* DataLoader.swift in Sources */ = {isa = PBXBuildFile; fileRef = 22FD686424B814A40039657C /* DataLoader.swift */; };
		22FD686724B818AE0039657C /* FilterView.swift in Sources */ = {isa = PBXBuildFile; fileRef = 22FD686624B818AE0039657C /* FilterView.swift */; };
/* End PBXBuildFile section */

/* Begin PBXContainerItemProxy section */
		225A43E424AFC05700ACA5EF /* PBXContainerItemProxy */ = {
			isa = PBXContainerItemProxy;
			containerPortal = 225A43C524AFC05300ACA5EF /* Project object */;
			proxyType = 1;
			remoteGlobalIDString = 225A43CC24AFC05300ACA5EF;
			remoteInfo = earthquakes;
		};
		225A43EF24AFC05700ACA5EF /* PBXContainerItemProxy */ = {
			isa = PBXContainerItemProxy;
			containerPortal = 225A43C524AFC05300ACA5EF /* Project object */;
			proxyType = 1;
			remoteGlobalIDString = 225A43CC24AFC05300ACA5EF;
			remoteInfo = earthquakes;
		};
/* End PBXContainerItemProxy section */

/* Begin PBXFileReference section */
		2240705A24B845F200E4972F /* EarthquakesApp.swift */ = {isa = PBXFileReference; lastKnownFileType = sourcecode.swift; path = EarthquakesApp.swift; sourceTree = "<group>"; };
		2240705D24BBF50500E4972F /* Filter.swift */ = {isa = PBXFileReference; lastKnownFileType = sourcecode.swift; path = Filter.swift; sourceTree = "<group>"; };
		225142AC24AFC0F2007C77FA /* Earthquake.swift */ = {isa = PBXFileReference; fileEncoding = 4; lastKnownFileType = sourcecode.swift; path = Earthquake.swift; sourceTree = "<group>"; };
		225142AE24AFC8E1007C77FA /* earthquake.json */ = {isa = PBXFileReference; fileEncoding = 4; lastKnownFileType = text.json; name = earthquake.json; path = SampleData/earthquake.json; sourceTree = SOURCE_ROOT; };
		225142B224AFF37B007C77FA /* DataManager.swift */ = {isa = PBXFileReference; lastKnownFileType = sourcecode.swift; path = DataManager.swift; sourceTree = "<group>"; };
		225142B424B10561007C77FA /* ListCell.swift */ = {isa = PBXFileReference; lastKnownFileType = sourcecode.swift; path = ListCell.swift; sourceTree = "<group>"; };
		225A43CD24AFC05300ACA5EF /* Earthquakes.app */ = {isa = PBXFileReference; explicitFileType = wrapper.application; includeInIndex = 0; path = Earthquakes.app; sourceTree = BUILT_PRODUCTS_DIR; };
		225A43D424AFC05300ACA5EF /* ListView.swift */ = {isa = PBXFileReference; lastKnownFileType = sourcecode.swift; path = ListView.swift; sourceTree = "<group>"; };
		225A43D624AFC05700ACA5EF /* Assets.xcassets */ = {isa = PBXFileReference; lastKnownFileType = folder.assetcatalog; path = Assets.xcassets; sourceTree = "<group>"; };
		225A43D924AFC05700ACA5EF /* Preview Assets.xcassets */ = {isa = PBXFileReference; lastKnownFileType = folder.assetcatalog; path = "Preview Assets.xcassets"; sourceTree = "<group>"; };
		225A43DE24AFC05700ACA5EF /* Info.plist */ = {isa = PBXFileReference; lastKnownFileType = text.plist.xml; path = Info.plist; sourceTree = "<group>"; };
		225A43E324AFC05700ACA5EF /* EarthquakesTests.xctest */ = {isa = PBXFileReference; explicitFileType = wrapper.cfbundle; includeInIndex = 0; path = EarthquakesTests.xctest; sourceTree = BUILT_PRODUCTS_DIR; };
		225A43E724AFC05700ACA5EF /* EarthquakesTests.swift */ = {isa = PBXFileReference; lastKnownFileType = sourcecode.swift; path = EarthquakesTests.swift; sourceTree = "<group>"; };
		225A43E924AFC05700ACA5EF /* Info.plist */ = {isa = PBXFileReference; lastKnownFileType = text.plist.xml; path = Info.plist; sourceTree = "<group>"; };
		225A43EE24AFC05700ACA5EF /* EarthquakesUITests.xctest */ = {isa = PBXFileReference; explicitFileType = wrapper.cfbundle; includeInIndex = 0; path = EarthquakesUITests.xctest; sourceTree = BUILT_PRODUCTS_DIR; };
		225A43F224AFC05700ACA5EF /* EarthquakesUITests.swift */ = {isa = PBXFileReference; lastKnownFileType = sourcecode.swift; path = EarthquakesUITests.swift; sourceTree = "<group>"; };
		225A43F424AFC05700ACA5EF /* Info.plist */ = {isa = PBXFileReference; lastKnownFileType = text.plist.xml; path = Info.plist; sourceTree = "<group>"; };
		22B5110C24B834D200ACD46A /* earthquakes_all_week.json */ = {isa = PBXFileReference; fileEncoding = 4; lastKnownFileType = text.json; name = earthquakes_all_week.json; path = SampleData/earthquakes_all_week.json; sourceTree = SOURCE_ROOT; };
		22B5110F24B8449D00ACD46A /* Earthquakes.entitlements */ = {isa = PBXFileReference; lastKnownFileType = text.plist.entitlements; path = Earthquakes.entitlements; sourceTree = "<group>"; };
		22C1D5A924B5796900B9E97D /* DetailView.swift */ = {isa = PBXFileReference; lastKnownFileType = sourcecode.swift; path = DetailView.swift; sourceTree = "<group>"; };
		22C1D5AB24B5902800B9E97D /* Formatters.swift */ = {isa = PBXFileReference; lastKnownFileType = sourcecode.swift; path = Formatters.swift; sourceTree = "<group>"; };
		22FD686424B814A40039657C /* DataLoader.swift */ = {isa = PBXFileReference; fileEncoding = 4; lastKnownFileType = sourcecode.swift; path = DataLoader.swift; sourceTree = "<group>"; };
		22FD686624B818AE0039657C /* FilterView.swift */ = {isa = PBXFileReference; lastKnownFileType = sourcecode.swift; path = FilterView.swift; sourceTree = "<group>"; };
/* End PBXFileReference section */

/* Begin PBXFrameworksBuildPhase section */
		225A43CA24AFC05300ACA5EF /* Frameworks */ = {
			isa = PBXFrameworksBuildPhase;
			buildActionMask = 2147483647;
			files = (
				22C1D5A824B1072600B9E97D /* CoreUI in Frameworks */,
			);
			runOnlyForDeploymentPostprocessing = 0;
		};
		225A43E024AFC05700ACA5EF /* Frameworks */ = {
			isa = PBXFrameworksBuildPhase;
			buildActionMask = 2147483647;
			files = (
			);
			runOnlyForDeploymentPostprocessing = 0;
		};
		225A43EB24AFC05700ACA5EF /* Frameworks */ = {
			isa = PBXFrameworksBuildPhase;
			buildActionMask = 2147483647;
			files = (
			);
			runOnlyForDeploymentPostprocessing = 0;
		};
/* End PBXFrameworksBuildPhase section */

/* Begin PBXGroup section */
		2240705C24BBF33000E4972F /* Views */ = {
			isa = PBXGroup;
			children = (
				225A43D424AFC05300ACA5EF /* ListView.swift */,
				225142B424B10561007C77FA /* ListCell.swift */,
				22FD686624B818AE0039657C /* FilterView.swift */,
				22C1D5A924B5796900B9E97D /* DetailView.swift */,
			);
			path = Views;
			sourceTree = "<group>";
		};
		225A43C424AFC05300ACA5EF = {
			isa = PBXGroup;
			children = (
				225A43CF24AFC05300ACA5EF /* Earthquakes */,
				225A43E624AFC05700ACA5EF /* EarthquakesTests */,
				225A43F124AFC05700ACA5EF /* EarthquakesUITests */,
				225A43CE24AFC05300ACA5EF /* Products */,
			);
			sourceTree = "<group>";
		};
		225A43CE24AFC05300ACA5EF /* Products */ = {
			isa = PBXGroup;
			children = (
				225A43CD24AFC05300ACA5EF /* Earthquakes.app */,
				225A43E324AFC05700ACA5EF /* EarthquakesTests.xctest */,
				225A43EE24AFC05700ACA5EF /* EarthquakesUITests.xctest */,
			);
			name = Products;
			sourceTree = "<group>";
		};
		225A43CF24AFC05300ACA5EF /* Earthquakes */ = {
			isa = PBXGroup;
			children = (
				22B5110F24B8449D00ACD46A /* Earthquakes.entitlements */,
				2240705A24B845F200E4972F /* EarthquakesApp.swift */,
				2240705C24BBF33000E4972F /* Views */,
				22FD686324B814910039657C /* Data */,
				225A440224AFC0A400ACA5EF /* Model */,
				225A43D624AFC05700ACA5EF /* Assets.xcassets */,
				225A43DE24AFC05700ACA5EF /* Info.plist */,
				225A43D824AFC05700ACA5EF /* Preview Content */,
			);
			path = Earthquakes;
			sourceTree = "<group>";
		};
		225A43D824AFC05700ACA5EF /* Preview Content */ = {
			isa = PBXGroup;
			children = (
				225A43D924AFC05700ACA5EF /* Preview Assets.xcassets */,
			);
			path = "Preview Content";
			sourceTree = "<group>";
		};
		225A43E624AFC05700ACA5EF /* EarthquakesTests */ = {
			isa = PBXGroup;
			children = (
				225A43E724AFC05700ACA5EF /* EarthquakesTests.swift */,
				225142AE24AFC8E1007C77FA /* earthquake.json */,
				22B5110C24B834D200ACD46A /* earthquakes_all_week.json */,
				225A43E924AFC05700ACA5EF /* Info.plist */,
			);
			path = EarthquakesTests;
			sourceTree = "<group>";
		};
		225A43F124AFC05700ACA5EF /* EarthquakesUITests */ = {
			isa = PBXGroup;
			children = (
				225A43F224AFC05700ACA5EF /* EarthquakesUITests.swift */,
				225A43F424AFC05700ACA5EF /* Info.plist */,
			);
			path = EarthquakesUITests;
			sourceTree = "<group>";
		};
		225A440224AFC0A400ACA5EF /* Model */ = {
			isa = PBXGroup;
			children = (
				225142AC24AFC0F2007C77FA /* Earthquake.swift */,
				2240705D24BBF50500E4972F /* Filter.swift */,
				22C1D5AB24B5902800B9E97D /* Formatters.swift */,
			);
			path = Model;
			sourceTree = "<group>";
		};
		22FD686324B814910039657C /* Data */ = {
			isa = PBXGroup;
			children = (
				225142B224AFF37B007C77FA /* DataManager.swift */,
				22FD686424B814A40039657C /* DataLoader.swift */,
			);
			path = Data;
			sourceTree = "<group>";
		};
/* End PBXGroup section */

/* Begin PBXNativeTarget section */
		225A43CC24AFC05300ACA5EF /* Earthquakes */ = {
			isa = PBXNativeTarget;
			buildConfigurationList = 225A43F724AFC05700ACA5EF /* Build configuration list for PBXNativeTarget "Earthquakes" */;
			buildPhases = (
				225A43C924AFC05300ACA5EF /* Sources */,
				225A43CA24AFC05300ACA5EF /* Frameworks */,
				225A43CB24AFC05300ACA5EF /* Resources */,
			);
			buildRules = (
			);
			dependencies = (
			);
			name = Earthquakes;
			packageProductDependencies = (
				22C1D5A724B1072600B9E97D /* CoreUI */,
			);
			productName = earthquakes;
			productReference = 225A43CD24AFC05300ACA5EF /* Earthquakes.app */;
			productType = "com.apple.product-type.application";
		};
		225A43E224AFC05700ACA5EF /* EarthquakesTests */ = {
			isa = PBXNativeTarget;
			buildConfigurationList = 225A43FA24AFC05700ACA5EF /* Build configuration list for PBXNativeTarget "EarthquakesTests" */;
			buildPhases = (
				225A43DF24AFC05700ACA5EF /* Sources */,
				225A43E024AFC05700ACA5EF /* Frameworks */,
				225A43E124AFC05700ACA5EF /* Resources */,
			);
			buildRules = (
			);
			dependencies = (
				225A43E524AFC05700ACA5EF /* PBXTargetDependency */,
			);
			name = EarthquakesTests;
			productName = earthquakesTests;
			productReference = 225A43E324AFC05700ACA5EF /* EarthquakesTests.xctest */;
			productType = "com.apple.product-type.bundle.unit-test";
		};
		225A43ED24AFC05700ACA5EF /* EarthquakesUITests */ = {
			isa = PBXNativeTarget;
			buildConfigurationList = 225A43FD24AFC05700ACA5EF /* Build configuration list for PBXNativeTarget "EarthquakesUITests" */;
			buildPhases = (
				225A43EA24AFC05700ACA5EF /* Sources */,
				225A43EB24AFC05700ACA5EF /* Frameworks */,
				225A43EC24AFC05700ACA5EF /* Resources */,
			);
			buildRules = (
			);
			dependencies = (
				225A43F024AFC05700ACA5EF /* PBXTargetDependency */,
			);
			name = EarthquakesUITests;
			productName = earthquakesUITests;
			productReference = 225A43EE24AFC05700ACA5EF /* EarthquakesUITests.xctest */;
			productType = "com.apple.product-type.bundle.ui-testing";
		};
/* End PBXNativeTarget section */

/* Begin PBXProject section */
		225A43C524AFC05300ACA5EF /* Project object */ = {
			isa = PBXProject;
			attributes = {
				LastSwiftUpdateCheck = 1200;
				LastUpgradeCheck = 1200;
				TargetAttributes = {
					225A43CC24AFC05300ACA5EF = {
						CreatedOnToolsVersion = 12.0;
					};
					225A43E224AFC05700ACA5EF = {
						CreatedOnToolsVersion = 12.0;
						TestTargetID = 225A43CC24AFC05300ACA5EF;
					};
					225A43ED24AFC05700ACA5EF = {
						CreatedOnToolsVersion = 12.0;
						TestTargetID = 225A43CC24AFC05300ACA5EF;
					};
				};
			};
			buildConfigurationList = 225A43C824AFC05300ACA5EF /* Build configuration list for PBXProject "Earthquakes" */;
			compatibilityVersion = "Xcode 9.3";
			developmentRegion = en;
			hasScannedForEncodings = 0;
			knownRegions = (
				en,
				Base,
			);
			mainGroup = 225A43C424AFC05300ACA5EF;
			packageReferences = (
				22C1D5A624B1072600B9E97D /* XCRemoteSwiftPackageReference "CoreUI" */,
			);
			productRefGroup = 225A43CE24AFC05300ACA5EF /* Products */;
			projectDirPath = "";
			projectRoot = "";
			targets = (
				225A43CC24AFC05300ACA5EF /* Earthquakes */,
				225A43E224AFC05700ACA5EF /* EarthquakesTests */,
				225A43ED24AFC05700ACA5EF /* EarthquakesUITests */,
			);
		};
/* End PBXProject section */

/* Begin PBXResourcesBuildPhase section */
		225A43CB24AFC05300ACA5EF /* Resources */ = {
			isa = PBXResourcesBuildPhase;
			buildActionMask = 2147483647;
			files = (
				225A43DA24AFC05700ACA5EF /* Preview Assets.xcassets in Resources */,
				22B5110E24B83E4400ACD46A /* earthquakes_all_week.json in Resources */,
				225A43D724AFC05700ACA5EF /* Assets.xcassets in Resources */,
			);
			runOnlyForDeploymentPostprocessing = 0;
		};
		225A43E124AFC05700ACA5EF /* Resources */ = {
			isa = PBXResourcesBuildPhase;
			buildActionMask = 2147483647;
			files = (
				22B5110D24B834D200ACD46A /* earthquakes_all_week.json in Resources */,
				225142AF24AFC8E1007C77FA /* earthquake.json in Resources */,
			);
			runOnlyForDeploymentPostprocessing = 0;
		};
		225A43EC24AFC05700ACA5EF /* Resources */ = {
			isa = PBXResourcesBuildPhase;
			buildActionMask = 2147483647;
			files = (
			);
			runOnlyForDeploymentPostprocessing = 0;
		};
/* End PBXResourcesBuildPhase section */

/* Begin PBXSourcesBuildPhase section */
		225A43C924AFC05300ACA5EF /* Sources */ = {
			isa = PBXSourcesBuildPhase;
			buildActionMask = 2147483647;
			files = (
				22FD686524B814A40039657C /* DataLoader.swift in Sources */,
				2240705E24BBF50500E4972F /* Filter.swift in Sources */,
				22C1D5AA24B5796900B9E97D /* DetailView.swift in Sources */,
				225142B324AFF37B007C77FA /* DataManager.swift in Sources */,
				22C1D5AC24B5902900B9E97D /* Formatters.swift in Sources */,
				225142AD24AFC0F2007C77FA /* Earthquake.swift in Sources */,
				225142B524B10561007C77FA /* ListCell.swift in Sources */,
				2240705B24B845F200E4972F /* EarthquakesApp.swift in Sources */,
				22FD686724B818AE0039657C /* FilterView.swift in Sources */,
				225A43D524AFC05300ACA5EF /* ListView.swift in Sources */,
			);
			runOnlyForDeploymentPostprocessing = 0;
		};
		225A43DF24AFC05700ACA5EF /* Sources */ = {
			isa = PBXSourcesBuildPhase;
			buildActionMask = 2147483647;
			files = (
				225A43E824AFC05700ACA5EF /* EarthquakesTests.swift in Sources */,
			);
			runOnlyForDeploymentPostprocessing = 0;
		};
		225A43EA24AFC05700ACA5EF /* Sources */ = {
			isa = PBXSourcesBuildPhase;
			buildActionMask = 2147483647;
			files = (
				225A43F324AFC05700ACA5EF /* EarthquakesUITests.swift in Sources */,
			);
			runOnlyForDeploymentPostprocessing = 0;
		};
/* End PBXSourcesBuildPhase section */

/* Begin PBXTargetDependency section */
		225A43E524AFC05700ACA5EF /* PBXTargetDependency */ = {
			isa = PBXTargetDependency;
			target = 225A43CC24AFC05300ACA5EF /* Earthquakes */;
			targetProxy = 225A43E424AFC05700ACA5EF /* PBXContainerItemProxy */;
		};
		225A43F024AFC05700ACA5EF /* PBXTargetDependency */ = {
			isa = PBXTargetDependency;
			target = 225A43CC24AFC05300ACA5EF /* Earthquakes */;
			targetProxy = 225A43EF24AFC05700ACA5EF /* PBXContainerItemProxy */;
		};
/* End PBXTargetDependency section */

/* Begin XCBuildConfiguration section */
		225A43F524AFC05700ACA5EF /* Debug */ = {
			isa = XCBuildConfiguration;
			buildSettings = {
				ALWAYS_SEARCH_USER_PATHS = NO;
				CLANG_ANALYZER_NONNULL = YES;
				CLANG_ANALYZER_NUMBER_OBJECT_CONVERSION = YES_AGGRESSIVE;
				CLANG_CXX_LANGUAGE_STANDARD = "gnu++14";
				CLANG_CXX_LIBRARY = "libc++";
				CLANG_ENABLE_MODULES = YES;
				CLANG_ENABLE_OBJC_ARC = YES;
				CLANG_ENABLE_OBJC_WEAK = YES;
				CLANG_WARN_BLOCK_CAPTURE_AUTORELEASING = YES;
				CLANG_WARN_BOOL_CONVERSION = YES;
				CLANG_WARN_COMMA = YES;
				CLANG_WARN_CONSTANT_CONVERSION = YES;
				CLANG_WARN_DEPRECATED_OBJC_IMPLEMENTATIONS = YES;
				CLANG_WARN_DIRECT_OBJC_ISA_USAGE = YES_ERROR;
				CLANG_WARN_DOCUMENTATION_COMMENTS = YES;
				CLANG_WARN_EMPTY_BODY = YES;
				CLANG_WARN_ENUM_CONVERSION = YES;
				CLANG_WARN_INFINITE_RECURSION = YES;
				CLANG_WARN_INT_CONVERSION = YES;
				CLANG_WARN_NON_LITERAL_NULL_CONVERSION = YES;
				CLANG_WARN_OBJC_IMPLICIT_RETAIN_SELF = YES;
				CLANG_WARN_OBJC_LITERAL_CONVERSION = YES;
				CLANG_WARN_OBJC_ROOT_CLASS = YES_ERROR;
				CLANG_WARN_QUOTED_INCLUDE_IN_FRAMEWORK_HEADER = YES;
				CLANG_WARN_RANGE_LOOP_ANALYSIS = YES;
				CLANG_WARN_STRICT_PROTOTYPES = YES;
				CLANG_WARN_SUSPICIOUS_MOVE = YES;
				CLANG_WARN_UNGUARDED_AVAILABILITY = YES_AGGRESSIVE;
				CLANG_WARN_UNREACHABLE_CODE = YES;
				CLANG_WARN__DUPLICATE_METHOD_MATCH = YES;
				COPY_PHASE_STRIP = NO;
				DEBUG_INFORMATION_FORMAT = dwarf;
				ENABLE_STRICT_OBJC_MSGSEND = YES;
				ENABLE_TESTABILITY = YES;
				GCC_C_LANGUAGE_STANDARD = gnu11;
				GCC_DYNAMIC_NO_PIC = NO;
				GCC_NO_COMMON_BLOCKS = YES;
				GCC_OPTIMIZATION_LEVEL = 0;
				GCC_PREPROCESSOR_DEFINITIONS = (
					"DEBUG=1",
					"$(inherited)",
				);
				GCC_WARN_64_TO_32_BIT_CONVERSION = YES;
				GCC_WARN_ABOUT_RETURN_TYPE = YES_ERROR;
				GCC_WARN_UNDECLARED_SELECTOR = YES;
				GCC_WARN_UNINITIALIZED_AUTOS = YES_AGGRESSIVE;
				GCC_WARN_UNUSED_FUNCTION = YES;
				GCC_WARN_UNUSED_VARIABLE = YES;
				IPHONEOS_DEPLOYMENT_TARGET = 14.0;
				MTL_ENABLE_DEBUG_INFO = INCLUDE_SOURCE;
				MTL_FAST_MATH = YES;
				ONLY_ACTIVE_ARCH = YES;
				SDKROOT = iphoneos;
				SWIFT_ACTIVE_COMPILATION_CONDITIONS = DEBUG;
				SWIFT_OPTIMIZATION_LEVEL = "-Onone";
			};
			name = Debug;
		};
		225A43F624AFC05700ACA5EF /* Release */ = {
			isa = XCBuildConfiguration;
			buildSettings = {
				ALWAYS_SEARCH_USER_PATHS = NO;
				CLANG_ANALYZER_NONNULL = YES;
				CLANG_ANALYZER_NUMBER_OBJECT_CONVERSION = YES_AGGRESSIVE;
				CLANG_CXX_LANGUAGE_STANDARD = "gnu++14";
				CLANG_CXX_LIBRARY = "libc++";
				CLANG_ENABLE_MODULES = YES;
				CLANG_ENABLE_OBJC_ARC = YES;
				CLANG_ENABLE_OBJC_WEAK = YES;
				CLANG_WARN_BLOCK_CAPTURE_AUTORELEASING = YES;
				CLANG_WARN_BOOL_CONVERSION = YES;
				CLANG_WARN_COMMA = YES;
				CLANG_WARN_CONSTANT_CONVERSION = YES;
				CLANG_WARN_DEPRECATED_OBJC_IMPLEMENTATIONS = YES;
				CLANG_WARN_DIRECT_OBJC_ISA_USAGE = YES_ERROR;
				CLANG_WARN_DOCUMENTATION_COMMENTS = YES;
				CLANG_WARN_EMPTY_BODY = YES;
				CLANG_WARN_ENUM_CONVERSION = YES;
				CLANG_WARN_INFINITE_RECURSION = YES;
				CLANG_WARN_INT_CONVERSION = YES;
				CLANG_WARN_NON_LITERAL_NULL_CONVERSION = YES;
				CLANG_WARN_OBJC_IMPLICIT_RETAIN_SELF = YES;
				CLANG_WARN_OBJC_LITERAL_CONVERSION = YES;
				CLANG_WARN_OBJC_ROOT_CLASS = YES_ERROR;
				CLANG_WARN_QUOTED_INCLUDE_IN_FRAMEWORK_HEADER = YES;
				CLANG_WARN_RANGE_LOOP_ANALYSIS = YES;
				CLANG_WARN_STRICT_PROTOTYPES = YES;
				CLANG_WARN_SUSPICIOUS_MOVE = YES;
				CLANG_WARN_UNGUARDED_AVAILABILITY = YES_AGGRESSIVE;
				CLANG_WARN_UNREACHABLE_CODE = YES;
				CLANG_WARN__DUPLICATE_METHOD_MATCH = YES;
				COPY_PHASE_STRIP = NO;
				DEBUG_INFORMATION_FORMAT = "dwarf-with-dsym";
				ENABLE_NS_ASSERTIONS = NO;
				ENABLE_STRICT_OBJC_MSGSEND = YES;
				GCC_C_LANGUAGE_STANDARD = gnu11;
				GCC_NO_COMMON_BLOCKS = YES;
				GCC_WARN_64_TO_32_BIT_CONVERSION = YES;
				GCC_WARN_ABOUT_RETURN_TYPE = YES_ERROR;
				GCC_WARN_UNDECLARED_SELECTOR = YES;
				GCC_WARN_UNINITIALIZED_AUTOS = YES_AGGRESSIVE;
				GCC_WARN_UNUSED_FUNCTION = YES;
				GCC_WARN_UNUSED_VARIABLE = YES;
				IPHONEOS_DEPLOYMENT_TARGET = 14.0;
				MTL_ENABLE_DEBUG_INFO = NO;
				MTL_FAST_MATH = YES;
				SDKROOT = iphoneos;
				SWIFT_COMPILATION_MODE = wholemodule;
				SWIFT_OPTIMIZATION_LEVEL = "-O";
				VALIDATE_PRODUCT = YES;
			};
			name = Release;
		};
		225A43F824AFC05700ACA5EF /* Debug */ = {
			isa = XCBuildConfiguration;
			buildSettings = {
				ASSETCATALOG_COMPILER_APPICON_NAME = AppIcon;
				ASSETCATALOG_COMPILER_GLOBAL_ACCENT_COLOR_NAME = AccentColor;
				CODE_SIGN_ENTITLEMENTS = Earthquakes/Earthquakes.entitlements;
				CODE_SIGN_STYLE = Automatic;
				DEVELOPMENT_ASSET_PATHS = "\"earthquakes/Preview Content\"";
				DEVELOPMENT_TEAM = 7BT7DC73YL;
				ENABLE_PREVIEWS = YES;
				INFOPLIST_FILE = earthquakes/Info.plist;
				LD_RUNPATH_SEARCH_PATHS = (
					"$(inherited)",
					"@executable_path/Frameworks",
				);
				PRODUCT_BUNDLE_IDENTIFIER = com.timroesner.earthquakes;
				PRODUCT_NAME = "$(TARGET_NAME)";
				SUPPORTS_MACCATALYST = YES;
				SWIFT_VERSION = 5.0;
				TARGETED_DEVICE_FAMILY = "1,2,6";
			};
			name = Debug;
		};
		225A43F924AFC05700ACA5EF /* Release */ = {
			isa = XCBuildConfiguration;
			buildSettings = {
				ASSETCATALOG_COMPILER_APPICON_NAME = AppIcon;
				ASSETCATALOG_COMPILER_GLOBAL_ACCENT_COLOR_NAME = AccentColor;
				CODE_SIGN_ENTITLEMENTS = Earthquakes/Earthquakes.entitlements;
				CODE_SIGN_STYLE = Automatic;
				DEVELOPMENT_ASSET_PATHS = "\"earthquakes/Preview Content\"";
				DEVELOPMENT_TEAM = 7BT7DC73YL;
				ENABLE_PREVIEWS = YES;
				INFOPLIST_FILE = earthquakes/Info.plist;
				LD_RUNPATH_SEARCH_PATHS = (
					"$(inherited)",
					"@executable_path/Frameworks",
				);
				PRODUCT_BUNDLE_IDENTIFIER = com.timroesner.earthquakes;
				PRODUCT_NAME = "$(TARGET_NAME)";
				SUPPORTS_MACCATALYST = YES;
				SWIFT_VERSION = 5.0;
				TARGETED_DEVICE_FAMILY = "1,2,6";
			};
			name = Release;
		};
		225A43FB24AFC05700ACA5EF /* Debug */ = {
			isa = XCBuildConfiguration;
			buildSettings = {
				ALWAYS_EMBED_SWIFT_STANDARD_LIBRARIES = YES;
				BUNDLE_LOADER = "$(TEST_HOST)";
				CODE_SIGN_STYLE = Automatic;
				DEVELOPMENT_TEAM = 7BT7DC73YL;
				INFOPLIST_FILE = earthquakesTests/Info.plist;
				IPHONEOS_DEPLOYMENT_TARGET = 14.0;
				LD_RUNPATH_SEARCH_PATHS = (
					"$(inherited)",
					"@executable_path/Frameworks",
					"@loader_path/Frameworks",
				);
				PRODUCT_BUNDLE_IDENTIFIER = com.timroesner.earthquakesTests;
				PRODUCT_NAME = "$(TARGET_NAME)";
				SWIFT_VERSION = 5.0;
				TARGETED_DEVICE_FAMILY = "1,2";
				TEST_HOST = "$(BUILT_PRODUCTS_DIR)/Earthquakes.app/Earthquakes";
			};
			name = Debug;
		};
		225A43FC24AFC05700ACA5EF /* Release */ = {
			isa = XCBuildConfiguration;
			buildSettings = {
				ALWAYS_EMBED_SWIFT_STANDARD_LIBRARIES = YES;
				BUNDLE_LOADER = "$(TEST_HOST)";
				CODE_SIGN_STYLE = Automatic;
				DEVELOPMENT_TEAM = 7BT7DC73YL;
				INFOPLIST_FILE = earthquakesTests/Info.plist;
				IPHONEOS_DEPLOYMENT_TARGET = 14.0;
				LD_RUNPATH_SEARCH_PATHS = (
					"$(inherited)",
					"@executable_path/Frameworks",
					"@loader_path/Frameworks",
				);
				PRODUCT_BUNDLE_IDENTIFIER = com.timroesner.earthquakesTests;
				PRODUCT_NAME = "$(TARGET_NAME)";
				SWIFT_VERSION = 5.0;
				TARGETED_DEVICE_FAMILY = "1,2";
				TEST_HOST = "$(BUILT_PRODUCTS_DIR)/Earthquakes.app/Earthquakes";
			};
			name = Release;
		};
		225A43FE24AFC05700ACA5EF /* Debug */ = {
			isa = XCBuildConfiguration;
			buildSettings = {
				ALWAYS_EMBED_SWIFT_STANDARD_LIBRARIES = YES;
				CODE_SIGN_STYLE = Automatic;
				DEVELOPMENT_TEAM = 7BT7DC73YL;
				INFOPLIST_FILE = earthquakesUITests/Info.plist;
				LD_RUNPATH_SEARCH_PATHS = (
					"$(inherited)",
					"@executable_path/Frameworks",
					"@loader_path/Frameworks",
				);
				PRODUCT_BUNDLE_IDENTIFIER = com.timroesner.earthquakesUITests;
				PRODUCT_NAME = "$(TARGET_NAME)";
				PROVISIONING_PROFILE = "";
				SWIFT_VERSION = 5.0;
				TARGETED_DEVICE_FAMILY = "1,2";
				TEST_TARGET_NAME = Earthquakes;
			};
			name = Debug;
		};
		225A43FF24AFC05700ACA5EF /* Release */ = {
			isa = XCBuildConfiguration;
			buildSettings = {
				ALWAYS_EMBED_SWIFT_STANDARD_LIBRARIES = YES;
				CODE_SIGN_STYLE = Automatic;
				DEVELOPMENT_TEAM = 7BT7DC73YL;
				INFOPLIST_FILE = earthquakesUITests/Info.plist;
				LD_RUNPATH_SEARCH_PATHS = (
					"$(inherited)",
					"@executable_path/Frameworks",
					"@loader_path/Frameworks",
				);
				PRODUCT_BUNDLE_IDENTIFIER = com.timroesner.earthquakesUITests;
				PRODUCT_NAME = "$(TARGET_NAME)";
				PROVISIONING_PROFILE = "";
				SWIFT_VERSION = 5.0;
				TARGETED_DEVICE_FAMILY = "1,2";
				TEST_TARGET_NAME = Earthquakes;
			};
			name = Release;
		};
/* End XCBuildConfiguration section */

/* Begin XCConfigurationList section */
		225A43C824AFC05300ACA5EF /* Build configuration list for PBXProject "Earthquakes" */ = {
			isa = XCConfigurationList;
			buildConfigurations = (
				225A43F524AFC05700ACA5EF /* Debug */,
				225A43F624AFC05700ACA5EF /* Release */,
			);
			defaultConfigurationIsVisible = 0;
			defaultConfigurationName = Release;
		};
		225A43F724AFC05700ACA5EF /* Build configuration list for PBXNativeTarget "Earthquakes" */ = {
			isa = XCConfigurationList;
			buildConfigurations = (
				225A43F824AFC05700ACA5EF /* Debug */,
				225A43F924AFC05700ACA5EF /* Release */,
			);
			defaultConfigurationIsVisible = 0;
			defaultConfigurationName = Release;
		};
		225A43FA24AFC05700ACA5EF /* Build configuration list for PBXNativeTarget "EarthquakesTests" */ = {
			isa = XCConfigurationList;
			buildConfigurations = (
				225A43FB24AFC05700ACA5EF /* Debug */,
				225A43FC24AFC05700ACA5EF /* Release */,
			);
			defaultConfigurationIsVisible = 0;
			defaultConfigurationName = Release;
		};
		225A43FD24AFC05700ACA5EF /* Build configuration list for PBXNativeTarget "EarthquakesUITests" */ = {
			isa = XCConfigurationList;
			buildConfigurations = (
				225A43FE24AFC05700ACA5EF /* Debug */,
				225A43FF24AFC05700ACA5EF /* Release */,
			);
			defaultConfigurationIsVisible = 0;
			defaultConfigurationName = Release;
		};
/* End XCConfigurationList section */

/* Begin XCRemoteSwiftPackageReference section */
		22C1D5A624B1072600B9E97D /* XCRemoteSwiftPackageReference "CoreUI" */ = {
			isa = XCRemoteSwiftPackageReference;
			repositoryURL = "https://github.com/timroesner/CoreUI.git";
			requirement = {
				branch = master;
				kind = branch;
			};
		};
/* End XCRemoteSwiftPackageReference section */

/* Begin XCSwiftPackageProductDependency section */
		22C1D5A724B1072600B9E97D /* CoreUI */ = {
			isa = XCSwiftPackageProductDependency;
			package = 22C1D5A624B1072600B9E97D /* XCRemoteSwiftPackageReference "CoreUI" */;
			productName = CoreUI;
		};
/* End XCSwiftPackageProductDependency section */
	};
	rootObject = 225A43C524AFC05300ACA5EF /* Project object */;
}
